
Microsoft Visual Studio Solution File, Format Version 12.00
# Visual Studio Version 17
VisualStudioVersion = 17.11.35327.3
MinimumVisualStudioVersion = 10.0.40219.1
Project("{FAE04EC0-301F-11D3-BF4B-00C04F79EFBC}") = "CodeFirstBasic", "CodeFirstBasic.csproj", "{4D2EBDA7-6608-47DF-88DE-9B4398AF2D29}"
EndProject
Global
	GlobalSection(SolutionConfigurationPlatforms) = preSolution
		Debug|Any CPU = Debug|Any CPU
		Release|Any CPU = Release|Any CPU
	EndGlobalSection
	GlobalSection(ProjectConfigurationPlatforms) = postSolution
		{4D2EBDA7-6608-47DF-88DE-9B4398AF2D29}.Debug|Any CPU.ActiveCfg = Debug|Any CPU
		{4D2EBDA7-6608-47DF-88DE-9B4398AF2D29}.Debug|Any CPU.Build.0 = Debug|Any CPU
		{4D2EBDA7-6608-47DF-88DE-9B4398AF2D29}.Release|Any CPU.ActiveCfg = Release|Any CPU
		{4D2EBDA7-6608-47DF-88DE-9B4398AF2D29}.Release|Any CPU.Build.0 = Release|Any CPU
	EndGlobalSection
	GlobalSection(SolutionProperties) = preSolution
		HideSolutionNode = FALSE
	EndGlobalSection
	GlobalSection(ExtensibilityGlobals) = postSolution
		SolutionGuid = {7250D9B2-42C7-4E9C-8678-243974786D23}
	EndGlobalSection
EndGlobal
